
Microsoft Visual Studio Solution File, Format Version 12.00
# Visual Studio Version 16
VisualStudioVersion = 16.0.29728.190
MinimumVisualStudioVersion = 10.0.40219.1
Project("{9A19103F-16F7-4668-BE54-9A1E7A4F7556}") = "NodeCore", "NodeCore\NodeCore.csproj", "{3314CCD1-0618-4BB7-B65F-2DF17380C084}"
EndProject
Project("{FAE04EC0-301F-11D3-BF4B-00C04F79EFBC}") = "ConsoleTest", "..\Tests\ConsoleTest\ConsoleTest.csproj", "{68E28475-7452-425E-ADC3-C4ACFAA902D7}"
EndProject
Project("{2150E333-8FDC-42A3-9474-1A3956D46DE8}") = "Tests", "Tests", "{6E05A884-05A0-47FB-8E41-30E858D18AD3}"
EndProject
Global
	GlobalSection(SolutionConfigurationPlatforms) = preSolution
		Debug|Any CPU = Debug|Any CPU
		Release|Any CPU = Release|Any CPU
	EndGlobalSection
	GlobalSection(ProjectConfigurationPlatforms) = postSolution
		{3314CCD1-0618-4BB7-B65F-2DF17380C084}.Debug|Any CPU.ActiveCfg = Debug|Any CPU
		{3314CCD1-0618-4BB7-B65F-2DF17380C084}.Debug|Any CPU.Build.0 = Debug|Any CPU
		{3314CCD1-0618-4BB7-B65F-2DF17380C084}.Release|Any CPU.ActiveCfg = Release|Any CPU
		{3314CCD1-0618-4BB7-B65F-2DF17380C084}.Release|Any CPU.Build.0 = Release|Any CPU
		{68E28475-7452-425E-ADC3-C4ACFAA902D7}.Debug|Any CPU.ActiveCfg = Debug|Any CPU
		{68E28475-7452-425E-ADC3-C4ACFAA902D7}.Debug|Any CPU.Build.0 = Debug|Any CPU
		{68E28475-7452-425E-ADC3-C4ACFAA902D7}.Release|Any CPU.ActiveCfg = Release|Any CPU
		{68E28475-7452-425E-ADC3-C4ACFAA902D7}.Release|Any CPU.Build.0 = Release|Any CPU
	EndGlobalSection
	GlobalSection(SolutionProperties) = preSolution
		HideSolutionNode = FALSE
	EndGlobalSection
	GlobalSection(NestedProjects) = preSolution
		{68E28475-7452-425E-ADC3-C4ACFAA902D7} = {6E05A884-05A0-47FB-8E41-30E858D18AD3}
	EndGlobalSection
	GlobalSection(ExtensibilityGlobals) = postSolution
		SolutionGuid = {F6BEF5EA-AD7F-4050-B962-B12834EF1332}
	EndGlobalSection
EndGlobal
